version: 1.0
shards:
  db:
    github: crystal-lang/crystal-db
    version: 0.4.2

  granite_orm:
    github: amberframework/granite-orm
    version: 0.7.3

  kemal:
    github: kemalcr/kemal
    commit: 00981bcf4424bcaa73d439a45cb005b9a0d8114e

  kemal-session:
    github: kemalcr/kemal-session
    version: 0.8.0

  kilt:
    github: jeromegn/kilt
    version: 0.4.0

  pg:
    github: will/crystal-pg
    version: 0.13.3

  radix:
    github: luislavena/radix
    version: 0.3.8

